
Microsoft Visual Studio Solution File, Format Version 12.00
# Visual Studio Version 17
VisualStudioVersion = 17.0.32112.339
MinimumVisualStudioVersion = 10.0.40219.1
Project("{9A19103F-16F7-4668-BE54-9A1E7A4F7556}") = "RotationLibrary", "RotationLibrary\RotationLibrary.csproj", "{40BA5F00-AF8D-4FEA-85D9-476C6C73D23B}"
EndProject
Project("{9A19103F-16F7-4668-BE54-9A1E7A4F7556}") = "RotationTracker", "RotationTracker\RotationTracker.csproj", "{5E5D6173-1E36-48A9-A7CC-CBF4C66BC275}"
EndProject
Project("{9A19103F-16F7-4668-BE54-9A1E7A4F7556}") = "WPFHelperLibrary", "WPFHelperLibrary\WPFHelperLibrary.csproj", "{D9DD6DC9-B8A8-4847-AD9F-8564BB7001F7}"
EndProject
Project("{9A19103F-16F7-4668-BE54-9A1E7A4F7556}") = "FileIOLibrary", "FileIOLibrary\FileIOLibrary.csproj", "{DD0A7A60-F668-474E-AC0E-E033AA159813}"
EndProject
Project("{FAE04EC0-301F-11D3-BF4B-00C04F79EFBC}") = "DataAccessLibrary", "DataAccessLibrary\DataAccessLibrary.csproj", "{531C80C1-7788-4D2F-96DA-5F70671FF0A9}"
EndProject
Global
	GlobalSection(SolutionConfigurationPlatforms) = preSolution
		Debug|Any CPU = Debug|Any CPU
		Release|Any CPU = Release|Any CPU
	EndGlobalSection
	GlobalSection(ProjectConfigurationPlatforms) = postSolution
		{40BA5F00-AF8D-4FEA-85D9-476C6C73D23B}.Debug|Any CPU.ActiveCfg = Debug|Any CPU
		{40BA5F00-AF8D-4FEA-85D9-476C6C73D23B}.Debug|Any CPU.Build.0 = Debug|Any CPU
		{40BA5F00-AF8D-4FEA-85D9-476C6C73D23B}.Release|Any CPU.ActiveCfg = Release|Any CPU
		{40BA5F00-AF8D-4FEA-85D9-476C6C73D23B}.Release|Any CPU.Build.0 = Release|Any CPU
		{5E5D6173-1E36-48A9-A7CC-CBF4C66BC275}.Debug|Any CPU.ActiveCfg = Debug|Any CPU
		{5E5D6173-1E36-48A9-A7CC-CBF4C66BC275}.Debug|Any CPU.Build.0 = Debug|Any CPU
		{5E5D6173-1E36-48A9-A7CC-CBF4C66BC275}.Release|Any CPU.ActiveCfg = Release|Any CPU
		{5E5D6173-1E36-48A9-A7CC-CBF4C66BC275}.Release|Any CPU.Build.0 = Release|Any CPU
		{D9DD6DC9-B8A8-4847-AD9F-8564BB7001F7}.Debug|Any CPU.ActiveCfg = Debug|Any CPU
		{D9DD6DC9-B8A8-4847-AD9F-8564BB7001F7}.Debug|Any CPU.Build.0 = Debug|Any CPU
		{D9DD6DC9-B8A8-4847-AD9F-8564BB7001F7}.Release|Any CPU.ActiveCfg = Release|Any CPU
		{D9DD6DC9-B8A8-4847-AD9F-8564BB7001F7}.Release|Any CPU.Build.0 = Release|Any CPU
		{DD0A7A60-F668-474E-AC0E-E033AA159813}.Debug|Any CPU.ActiveCfg = Debug|Any CPU
		{DD0A7A60-F668-474E-AC0E-E033AA159813}.Debug|Any CPU.Build.0 = Debug|Any CPU
		{DD0A7A60-F668-474E-AC0E-E033AA159813}.Release|Any CPU.ActiveCfg = Release|Any CPU
		{DD0A7A60-F668-474E-AC0E-E033AA159813}.Release|Any CPU.Build.0 = Release|Any CPU
		{531C80C1-7788-4D2F-96DA-5F70671FF0A9}.Debug|Any CPU.ActiveCfg = Debug|Any CPU
		{531C80C1-7788-4D2F-96DA-5F70671FF0A9}.Debug|Any CPU.Build.0 = Debug|Any CPU
		{531C80C1-7788-4D2F-96DA-5F70671FF0A9}.Release|Any CPU.ActiveCfg = Release|Any CPU
		{531C80C1-7788-4D2F-96DA-5F70671FF0A9}.Release|Any CPU.Build.0 = Release|Any CPU
	EndGlobalSection
	GlobalSection(SolutionProperties) = preSolution
		HideSolutionNode = FALSE
	EndGlobalSection
	GlobalSection(ExtensibilityGlobals) = postSolution
		SolutionGuid = {7DEF9996-896B-4129-B208-A3704511228D}
	EndGlobalSection
EndGlobal
